
Microsoft Visual Studio Solution File, Format Version 12.00
# Visual Studio Version 17
VisualStudioVersion = 17.9.34728.123
MinimumVisualStudioVersion = 10.0.40219.1
Project("{9A19103F-16F7-4668-BE54-9A1E7A4F7556}") = "Presentation", "Presentation\Presentation.csproj", "{34DC54B2-8C13-4CA7-AECE-FCC23317964E}"
EndProject
Project("{9A19103F-16F7-4668-BE54-9A1E7A4F7556}") = "Common", "Common\Common.csproj", "{8AFE3C94-CA51-4B71-84A8-6013B5E25590}"
EndProject
Project("{9A19103F-16F7-4668-BE54-9A1E7A4F7556}") = "Data", "Data\Data.csproj", "{66D98D05-13A4-41D0-8E74-45F88533618F}"
EndProject
Project("{9A19103F-16F7-4668-BE54-9A1E7A4F7556}") = "Business", "Business\Business.csproj", "{C7D5EB4C-BBD9-4373-B0B6-E4AA79308CF1}"
EndProject
Project("{FAE04EC0-301F-11D3-BF4B-00C04F79EFBC}") = "UnitTests", "UnitTests\UnitTests.csproj", "{1FE04FC2-C200-4A50-A23E-63626BCE607D}"
EndProject
Global
	GlobalSection(SolutionConfigurationPlatforms) = preSolution
		Debug|Any CPU = Debug|Any CPU
		Release|Any CPU = Release|Any CPU
	EndGlobalSection
	GlobalSection(ProjectConfigurationPlatforms) = postSolution
		{34DC54B2-8C13-4CA7-AECE-FCC23317964E}.Debug|Any CPU.ActiveCfg = Debug|Any CPU
		{34DC54B2-8C13-4CA7-AECE-FCC23317964E}.Debug|Any CPU.Build.0 = Debug|Any CPU
		{34DC54B2-8C13-4CA7-AECE-FCC23317964E}.Release|Any CPU.ActiveCfg = Release|Any CPU
		{34DC54B2-8C13-4CA7-AECE-FCC23317964E}.Release|Any CPU.Build.0 = Release|Any CPU
		{8AFE3C94-CA51-4B71-84A8-6013B5E25590}.Debug|Any CPU.ActiveCfg = Debug|Any CPU
		{8AFE3C94-CA51-4B71-84A8-6013B5E25590}.Debug|Any CPU.Build.0 = Debug|Any CPU
		{8AFE3C94-CA51-4B71-84A8-6013B5E25590}.Release|Any CPU.ActiveCfg = Release|Any CPU
		{8AFE3C94-CA51-4B71-84A8-6013B5E25590}.Release|Any CPU.Build.0 = Release|Any CPU
		{66D98D05-13A4-41D0-8E74-45F88533618F}.Debug|Any CPU.ActiveCfg = Debug|Any CPU
		{66D98D05-13A4-41D0-8E74-45F88533618F}.Debug|Any CPU.Build.0 = Debug|Any CPU
		{66D98D05-13A4-41D0-8E74-45F88533618F}.Release|Any CPU.ActiveCfg = Release|Any CPU
		{66D98D05-13A4-41D0-8E74-45F88533618F}.Release|Any CPU.Build.0 = Release|Any CPU
		{C7D5EB4C-BBD9-4373-B0B6-E4AA79308CF1}.Debug|Any CPU.ActiveCfg = Debug|Any CPU
		{C7D5EB4C-BBD9-4373-B0B6-E4AA79308CF1}.Debug|Any CPU.Build.0 = Debug|Any CPU
		{C7D5EB4C-BBD9-4373-B0B6-E4AA79308CF1}.Release|Any CPU.ActiveCfg = Release|Any CPU
		{C7D5EB4C-BBD9-4373-B0B6-E4AA79308CF1}.Release|Any CPU.Build.0 = Release|Any CPU
		{1FE04FC2-C200-4A50-A23E-63626BCE607D}.Debug|Any CPU.ActiveCfg = Debug|Any CPU
		{1FE04FC2-C200-4A50-A23E-63626BCE607D}.Debug|Any CPU.Build.0 = Debug|Any CPU
		{1FE04FC2-C200-4A50-A23E-63626BCE607D}.Release|Any CPU.ActiveCfg = Release|Any CPU
		{1FE04FC2-C200-4A50-A23E-63626BCE607D}.Release|Any CPU.Build.0 = Release|Any CPU
	EndGlobalSection
	GlobalSection(SolutionProperties) = preSolution
		HideSolutionNode = FALSE
	EndGlobalSection
	GlobalSection(ExtensibilityGlobals) = postSolution
		SolutionGuid = {85BD77C8-1A37-4487-97A7-07C99B743801}
	EndGlobalSection
EndGlobal
